
Microsoft Visual Studio Solution File, Format Version 12.00
# Visual Studio Version 16
VisualStudioVersion = 16.0.30225.117
MinimumVisualStudioVersion = 10.0.40219.1
Project("{8BC9CEB8-8B4A-11D0-8D11-00A0C91BC942}") = "Game", "Game\Game.vcxproj", "{3ABF3213-04B3-47D8-8BE3-77C5C7837A1F}"
EndProject
Project("{8BC9CEB8-8B4A-11D0-8D11-00A0C91BC942}") = "Engine", "Engine\Engine.vcxproj", "{566F7366-28B0-45FF-B898-6DBC41616555}"
EndProject
Project("{8BC9CEB8-8B4A-11D0-8D11-00A0C91BC942}") = "TESTING", "TESTING\TESTING.vcxproj", "{0B542611-EC7D-47C8-8736-7B2DE00CDF16}"
EndProject
Global
	GlobalSection(SolutionConfigurationPlatforms) = preSolution
		Debug|x64 = Debug|x64
		Debug|x86 = Debug|x86
		Release|x64 = Release|x64
		Release|x86 = Release|x86
	EndGlobalSection
	GlobalSection(ProjectConfigurationPlatforms) = postSolution
		{3ABF3213-04B3-47D8-8BE3-77C5C7837A1F}.Debug|x64.ActiveCfg = Debug|x64
		{3ABF3213-04B3-47D8-8BE3-77C5C7837A1F}.Debug|x64.Build.0 = Debug|x64
		{3ABF3213-04B3-47D8-8BE3-77C5C7837A1F}.Debug|x86.ActiveCfg = Debug|Win32
		{3ABF3213-04B3-47D8-8BE3-77C5C7837A1F}.Debug|x86.Build.0 = Debug|Win32
		{3ABF3213-04B3-47D8-8BE3-77C5C7837A1F}.Release|x64.ActiveCfg = Release|x64
		{3ABF3213-04B3-47D8-8BE3-77C5C7837A1F}.Release|x64.Build.0 = Release|x64
		{3ABF3213-04B3-47D8-8BE3-77C5C7837A1F}.Release|x86.ActiveCfg = Release|Win32
		{3ABF3213-04B3-47D8-8BE3-77C5C7837A1F}.Release|x86.Build.0 = Release|Win32
		{566F7366-28B0-45FF-B898-6DBC41616555}.Debug|x64.ActiveCfg = Debug|x64
		{566F7366-28B0-45FF-B898-6DBC41616555}.Debug|x64.Build.0 = Debug|x64
		{566F7366-28B0-45FF-B898-6DBC41616555}.Debug|x86.ActiveCfg = Debug|Win32
		{566F7366-28B0-45FF-B898-6DBC41616555}.Debug|x86.Build.0 = Debug|Win32
		{566F7366-28B0-45FF-B898-6DBC41616555}.Release|x64.ActiveCfg = Release|x64
		{566F7366-28B0-45FF-B898-6DBC41616555}.Release|x64.Build.0 = Release|x64
		{566F7366-28B0-45FF-B898-6DBC41616555}.Release|x86.ActiveCfg = Release|Win32
		{566F7366-28B0-45FF-B898-6DBC41616555}.Release|x86.Build.0 = Release|Win32
		{0B542611-EC7D-47C8-8736-7B2DE00CDF16}.Debug|x64.ActiveCfg = Debug|x64
		{0B542611-EC7D-47C8-8736-7B2DE00CDF16}.Debug|x64.Build.0 = Debug|x64
		{0B542611-EC7D-47C8-8736-7B2DE00CDF16}.Debug|x86.ActiveCfg = Debug|Win32
		{0B542611-EC7D-47C8-8736-7B2DE00CDF16}.Debug|x86.Build.0 = Debug|Win32
		{0B542611-EC7D-47C8-8736-7B2DE00CDF16}.Release|x64.ActiveCfg = Release|x64
		{0B542611-EC7D-47C8-8736-7B2DE00CDF16}.Release|x64.Build.0 = Release|x64
		{0B542611-EC7D-47C8-8736-7B2DE00CDF16}.Release|x86.ActiveCfg = Release|Win32
		{0B542611-EC7D-47C8-8736-7B2DE00CDF16}.Release|x86.Build.0 = Release|Win32
	EndGlobalSection
	GlobalSection(SolutionProperties) = preSolution
		HideSolutionNode = FALSE
	EndGlobalSection
	GlobalSection(ExtensibilityGlobals) = postSolution
		SolutionGuid = {39939D00-4B35-4878-BF80-BB63AADEBC54}
	EndGlobalSection
EndGlobal
